
Microsoft Visual Studio Solution File, Format Version 12.00
# Visual Studio 15
VisualStudioVersion = 15.0.28010.2041
MinimumVisualStudioVersion = 10.0.40219.1
Project("{FAE04EC0-301F-11D3-BF4B-00C04F79EFBC}") = "Juego Numero Secreto", "Juego Numero Secreto\Juego Numero Secreto.csproj", "{875D41EF-8591-462A-9F18-59FF7E0CDCEC}"
EndProject
Global
	GlobalSection(SolutionConfigurationPlatforms) = preSolution
		Debug|Any CPU = Debug|Any CPU
		Release|Any CPU = Release|Any CPU
	EndGlobalSection
	GlobalSection(ProjectConfigurationPlatforms) = postSolution
		{875D41EF-8591-462A-9F18-59FF7E0CDCEC}.Debug|Any CPU.ActiveCfg = Debug|Any CPU
		{875D41EF-8591-462A-9F18-59FF7E0CDCEC}.Debug|Any CPU.Build.0 = Debug|Any CPU
		{875D41EF-8591-462A-9F18-59FF7E0CDCEC}.Release|Any CPU.ActiveCfg = Release|Any CPU
		{875D41EF-8591-462A-9F18-59FF7E0CDCEC}.Release|Any CPU.Build.0 = Release|Any CPU
	EndGlobalSection
	GlobalSection(SolutionProperties) = preSolution
		HideSolutionNode = FALSE
	EndGlobalSection
	GlobalSection(ExtensibilityGlobals) = postSolution
		SolutionGuid = {6BD06FD6-3E6F-4F8A-A0AD-5425938B68DD}
	EndGlobalSection
EndGlobal
